{
  "name": "xfp-streamer",
  "version": "1.0.0",
  "lockfileVersion": 3,
  "requires": true,
  "packages": {
    "": {
      "name": "xfp-streamer",
      "version": "1.0.0",
      "license": "ISC",
      "dependencies": {
        "xvfb": "^0.4.0"
      }
    },
    "node_modules/nan": {
      "version": "2.17.0",
      "resolved": "https://registry.npmjs.org/nan/-/nan-2.17.0.tgz",
      "integrity": "sha512-2ZTgtl0nJsO0KQCjEpxcIr5D+Yv90plTitZt9JBfQvVJDS5seMl3FOvsh3+9CoYWXf/1l5OaZzzF6nDm4cagaQ==",
      "optional": true
    },
    "node_modules/sleep": {
      "version": "6.1.0",
      "resolved": "https://registry.npmjs.org/sleep/-/sleep-6.1.0.tgz",
      "integrity": "sha512-Z1x4JjJxsru75Tqn8F4tnOFeEu3HjtITTsumYUiuz54sGKdISgLCek9AUlXlVVrkhltRFhNUsJDJE76SFHTDIQ==",
      "hasInstallScript": true,
      "optional": true,
      "dependencies": {
        "nan": "^2.13.2"
      },
      "engines": {
        "node": ">=0.8.0"
      }
    },
    "node_modules/xvfb": {
      "version": "0.4.0",
      "resolved": "https://registry.npmjs.org/xvfb/-/xvfb-0.4.0.tgz",
      "integrity": "sha512-g55AbjcBL4Bztfn7kiUrR0ne8mMUsFODDJ+HFGf5OuHJqKKccpExX2Qgn7VF2eImw1eoh6+riXHser1J4agrFA==",
      "optionalDependencies": {
        "sleep": "6.1.0"
      }
    }
  }
}
